
Microsoft Visual Studio Solution File, Format Version 12.00
# Visual Studio Version 16
VisualStudioVersion = 16.0.30011.22
MinimumVisualStudioVersion = 15.0.26124.0
Project("{2150E333-8FDC-42A3-9474-1A3956D46DE8}") = "src", "src", "{3978E65C-5398-417C-A0B0-778DC967132E}"
EndProject
Project("{9A19103F-16F7-4668-BE54-9A1E7A4F7556}") = "crawler.lib", "src\crawler.lib\crawler.lib.csproj", "{D59988D0-D6D0-4CB2-97F7-FF6374D6908A}"
EndProject
Project("{9A19103F-16F7-4668-BE54-9A1E7A4F7556}") = "crawler.console", "src\crawler.console\crawler.console.csproj", "{8BA26D6B-42B6-4E54-B1E9-D6E9E7AE56F6}"
EndProject
Project("{9A19103F-16F7-4668-BE54-9A1E7A4F7556}") = "crawler.query", "src\crawler.query\crawler.query.csproj", "{8D48C171-1833-41CB-AB74-48347226DC61}"
EndProject
Global
	GlobalSection(SolutionConfigurationPlatforms) = preSolution
		Debug|Any CPU = Debug|Any CPU
		Debug|x64 = Debug|x64
		Debug|x86 = Debug|x86
		Release|Any CPU = Release|Any CPU
		Release|x64 = Release|x64
		Release|x86 = Release|x86
	EndGlobalSection
	GlobalSection(ProjectConfigurationPlatforms) = postSolution
		{D59988D0-D6D0-4CB2-97F7-FF6374D6908A}.Debug|Any CPU.ActiveCfg = Debug|Any CPU
		{D59988D0-D6D0-4CB2-97F7-FF6374D6908A}.Debug|Any CPU.Build.0 = Debug|Any CPU
		{D59988D0-D6D0-4CB2-97F7-FF6374D6908A}.Debug|x64.ActiveCfg = Debug|Any CPU
		{D59988D0-D6D0-4CB2-97F7-FF6374D6908A}.Debug|x64.Build.0 = Debug|Any CPU
		{D59988D0-D6D0-4CB2-97F7-FF6374D6908A}.Debug|x86.ActiveCfg = Debug|Any CPU
		{D59988D0-D6D0-4CB2-97F7-FF6374D6908A}.Debug|x86.Build.0 = Debug|Any CPU
		{D59988D0-D6D0-4CB2-97F7-FF6374D6908A}.Release|Any CPU.ActiveCfg = Release|Any CPU
		{D59988D0-D6D0-4CB2-97F7-FF6374D6908A}.Release|Any CPU.Build.0 = Release|Any CPU
		{D59988D0-D6D0-4CB2-97F7-FF6374D6908A}.Release|x64.ActiveCfg = Release|Any CPU
		{D59988D0-D6D0-4CB2-97F7-FF6374D6908A}.Release|x64.Build.0 = Release|Any CPU
		{D59988D0-D6D0-4CB2-97F7-FF6374D6908A}.Release|x86.ActiveCfg = Release|Any CPU
		{D59988D0-D6D0-4CB2-97F7-FF6374D6908A}.Release|x86.Build.0 = Release|Any CPU
		{8BA26D6B-42B6-4E54-B1E9-D6E9E7AE56F6}.Debug|Any CPU.ActiveCfg = Debug|Any CPU
		{8BA26D6B-42B6-4E54-B1E9-D6E9E7AE56F6}.Debug|Any CPU.Build.0 = Debug|Any CPU
		{8BA26D6B-42B6-4E54-B1E9-D6E9E7AE56F6}.Debug|x64.ActiveCfg = Debug|Any CPU
		{8BA26D6B-42B6-4E54-B1E9-D6E9E7AE56F6}.Debug|x64.Build.0 = Debug|Any CPU
		{8BA26D6B-42B6-4E54-B1E9-D6E9E7AE56F6}.Debug|x86.ActiveCfg = Debug|Any CPU
		{8BA26D6B-42B6-4E54-B1E9-D6E9E7AE56F6}.Debug|x86.Build.0 = Debug|Any CPU
		{8BA26D6B-42B6-4E54-B1E9-D6E9E7AE56F6}.Release|Any CPU.ActiveCfg = Release|Any CPU
		{8BA26D6B-42B6-4E54-B1E9-D6E9E7AE56F6}.Release|Any CPU.Build.0 = Release|Any CPU
		{8BA26D6B-42B6-4E54-B1E9-D6E9E7AE56F6}.Release|x64.ActiveCfg = Release|Any CPU
		{8BA26D6B-42B6-4E54-B1E9-D6E9E7AE56F6}.Release|x64.Build.0 = Release|Any CPU
		{8BA26D6B-42B6-4E54-B1E9-D6E9E7AE56F6}.Release|x86.ActiveCfg = Release|Any CPU
		{8BA26D6B-42B6-4E54-B1E9-D6E9E7AE56F6}.Release|x86.Build.0 = Release|Any CPU
		{8D48C171-1833-41CB-AB74-48347226DC61}.Debug|Any CPU.ActiveCfg = Debug|Any CPU
		{8D48C171-1833-41CB-AB74-48347226DC61}.Debug|Any CPU.Build.0 = Debug|Any CPU
		{8D48C171-1833-41CB-AB74-48347226DC61}.Debug|x64.ActiveCfg = Debug|Any CPU
		{8D48C171-1833-41CB-AB74-48347226DC61}.Debug|x64.Build.0 = Debug|Any CPU
		{8D48C171-1833-41CB-AB74-48347226DC61}.Debug|x86.ActiveCfg = Debug|Any CPU
		{8D48C171-1833-41CB-AB74-48347226DC61}.Debug|x86.Build.0 = Debug|Any CPU
		{8D48C171-1833-41CB-AB74-48347226DC61}.Release|Any CPU.ActiveCfg = Release|Any CPU
		{8D48C171-1833-41CB-AB74-48347226DC61}.Release|Any CPU.Build.0 = Release|Any CPU
		{8D48C171-1833-41CB-AB74-48347226DC61}.Release|x64.ActiveCfg = Release|Any CPU
		{8D48C171-1833-41CB-AB74-48347226DC61}.Release|x64.Build.0 = Release|Any CPU
		{8D48C171-1833-41CB-AB74-48347226DC61}.Release|x86.ActiveCfg = Release|Any CPU
		{8D48C171-1833-41CB-AB74-48347226DC61}.Release|x86.Build.0 = Release|Any CPU
	EndGlobalSection
	GlobalSection(SolutionProperties) = preSolution
		HideSolutionNode = FALSE
	EndGlobalSection
	GlobalSection(NestedProjects) = preSolution
		{D59988D0-D6D0-4CB2-97F7-FF6374D6908A} = {3978E65C-5398-417C-A0B0-778DC967132E}
		{8BA26D6B-42B6-4E54-B1E9-D6E9E7AE56F6} = {3978E65C-5398-417C-A0B0-778DC967132E}
		{8D48C171-1833-41CB-AB74-48347226DC61} = {3978E65C-5398-417C-A0B0-778DC967132E}
	EndGlobalSection
	GlobalSection(ExtensibilityGlobals) = postSolution
		SolutionGuid = {D876A122-ACB1-43C8-972E-4865FCCB24CD}
	EndGlobalSection
EndGlobal
