
Microsoft Visual Studio Solution File, Format Version 12.00
# Visual Studio 15
VisualStudioVersion = 15.0.26124.0
MinimumVisualStudioVersion = 15.0.26124.0
Project("{2150E333-8FDC-42A3-9474-1A3956D46DE8}") = "src", "src", "{3978E65C-5398-417C-A0B0-778DC967132E}"
EndProject
Project("{FAE04EC0-301F-11D3-BF4B-00C04F79EFBC}") = "crawler.lib", "src\crawler.lib\crawler.lib.csproj", "{D59988D0-D6D0-4CB2-97F7-FF6374D6908A}"
EndProject
Project("{FAE04EC0-301F-11D3-BF4B-00C04F79EFBC}") = "crawler.console", "src\crawler.console\crawler.console.csproj", "{8BA26D6B-42B6-4E54-B1E9-D6E9E7AE56F6}"
EndProject
Global
	GlobalSection(SolutionConfigurationPlatforms) = preSolution
		Debug|Any CPU = Debug|Any CPU
		Debug|x64 = Debug|x64
		Debug|x86 = Debug|x86
		Release|Any CPU = Release|Any CPU
		Release|x64 = Release|x64
		Release|x86 = Release|x86
	EndGlobalSection
	GlobalSection(SolutionProperties) = preSolution
		HideSolutionNode = FALSE
	EndGlobalSection
	GlobalSection(ProjectConfigurationPlatforms) = postSolution
		{D59988D0-D6D0-4CB2-97F7-FF6374D6908A}.Debug|Any CPU.ActiveCfg = Debug|Any CPU
		{D59988D0-D6D0-4CB2-97F7-FF6374D6908A}.Debug|Any CPU.Build.0 = Debug|Any CPU
		{D59988D0-D6D0-4CB2-97F7-FF6374D6908A}.Debug|x64.ActiveCfg = Debug|Any CPU
		{D59988D0-D6D0-4CB2-97F7-FF6374D6908A}.Debug|x64.Build.0 = Debug|Any CPU
		{D59988D0-D6D0-4CB2-97F7-FF6374D6908A}.Debug|x86.ActiveCfg = Debug|Any CPU
		{D59988D0-D6D0-4CB2-97F7-FF6374D6908A}.Debug|x86.Build.0 = Debug|Any CPU
		{D59988D0-D6D0-4CB2-97F7-FF6374D6908A}.Release|Any CPU.ActiveCfg = Release|Any CPU
		{D59988D0-D6D0-4CB2-97F7-FF6374D6908A}.Release|Any CPU.Build.0 = Release|Any CPU
		{D59988D0-D6D0-4CB2-97F7-FF6374D6908A}.Release|x64.ActiveCfg = Release|Any CPU
		{D59988D0-D6D0-4CB2-97F7-FF6374D6908A}.Release|x64.Build.0 = Release|Any CPU
		{D59988D0-D6D0-4CB2-97F7-FF6374D6908A}.Release|x86.ActiveCfg = Release|Any CPU
		{D59988D0-D6D0-4CB2-97F7-FF6374D6908A}.Release|x86.Build.0 = Release|Any CPU
		{8BA26D6B-42B6-4E54-B1E9-D6E9E7AE56F6}.Debug|Any CPU.ActiveCfg = Debug|Any CPU
		{8BA26D6B-42B6-4E54-B1E9-D6E9E7AE56F6}.Debug|Any CPU.Build.0 = Debug|Any CPU
		{8BA26D6B-42B6-4E54-B1E9-D6E9E7AE56F6}.Debug|x64.ActiveCfg = Debug|Any CPU
		{8BA26D6B-42B6-4E54-B1E9-D6E9E7AE56F6}.Debug|x64.Build.0 = Debug|Any CPU
		{8BA26D6B-42B6-4E54-B1E9-D6E9E7AE56F6}.Debug|x86.ActiveCfg = Debug|Any CPU
		{8BA26D6B-42B6-4E54-B1E9-D6E9E7AE56F6}.Debug|x86.Build.0 = Debug|Any CPU
		{8BA26D6B-42B6-4E54-B1E9-D6E9E7AE56F6}.Release|Any CPU.ActiveCfg = Release|Any CPU
		{8BA26D6B-42B6-4E54-B1E9-D6E9E7AE56F6}.Release|Any CPU.Build.0 = Release|Any CPU
		{8BA26D6B-42B6-4E54-B1E9-D6E9E7AE56F6}.Release|x64.ActiveCfg = Release|Any CPU
		{8BA26D6B-42B6-4E54-B1E9-D6E9E7AE56F6}.Release|x64.Build.0 = Release|Any CPU
		{8BA26D6B-42B6-4E54-B1E9-D6E9E7AE56F6}.Release|x86.ActiveCfg = Release|Any CPU
		{8BA26D6B-42B6-4E54-B1E9-D6E9E7AE56F6}.Release|x86.Build.0 = Release|Any CPU
	EndGlobalSection
	GlobalSection(NestedProjects) = preSolution
		{D59988D0-D6D0-4CB2-97F7-FF6374D6908A} = {3978E65C-5398-417C-A0B0-778DC967132E}
		{8BA26D6B-42B6-4E54-B1E9-D6E9E7AE56F6} = {3978E65C-5398-417C-A0B0-778DC967132E}
	EndGlobalSection
EndGlobal
